
Microsoft Visual Studio Solution File, Format Version 12.00
# Visual Studio Version 16
VisualStudioVersion = 16.0.30011.22
MinimumVisualStudioVersion = 10.0.40219.1
Project("{FAE04EC0-301F-11D3-BF4B-00C04F79EFBC}") = "TaskListWebApp", "TaskListWebApp\TaskListWebApp.csproj", "{56DE6C8B-FC23-4831-AB18-1E7D0E1EB33F}"
EndProject
Global
	GlobalSection(SolutionConfigurationPlatforms) = preSolution
		Debug|Any CPU = Debug|Any CPU
		Release|Any CPU = Release|Any CPU
	EndGlobalSection
	GlobalSection(ProjectConfigurationPlatforms) = postSolution
		{56DE6C8B-FC23-4831-AB18-1E7D0E1EB33F}.Debug|Any CPU.ActiveCfg = Debug|Any CPU
		{56DE6C8B-FC23-4831-AB18-1E7D0E1EB33F}.Debug|Any CPU.Build.0 = Debug|Any CPU
		{56DE6C8B-FC23-4831-AB18-1E7D0E1EB33F}.Release|Any CPU.ActiveCfg = Release|Any CPU
		{56DE6C8B-FC23-4831-AB18-1E7D0E1EB33F}.Release|Any CPU.Build.0 = Release|Any CPU
	EndGlobalSection
	GlobalSection(SolutionProperties) = preSolution
		HideSolutionNode = FALSE
	EndGlobalSection
	GlobalSection(ExtensibilityGlobals) = postSolution
		SolutionGuid = {92D56AD5-5D4C-4F8C-9662-F38A1B269E72}
	EndGlobalSection
EndGlobal
